
Microsoft Visual Studio Solution File, Format Version 12.00
# Visual Studio Version 16
VisualStudioVersion = 25.0.1705.6
MinimumVisualStudioVersion = 10.0.40219.1
Project("{FAE04EC0-301F-11D3-BF4B-00C04F79EFBC}") = "TransferFaireOrdersToBaselinker", "TransferFaireOrdersToBaselinker\TransferFaireOrdersToBaselinker.csproj", "{178D0CBB-C122-4EBB-8915-9EF3612C23C5}"
EndProject
Global
	GlobalSection(SolutionConfigurationPlatforms) = preSolution
		Debug|Any CPU = Debug|Any CPU
		Release|Any CPU = Release|Any CPU
	EndGlobalSection
	GlobalSection(ProjectConfigurationPlatforms) = postSolution
		{178D0CBB-C122-4EBB-8915-9EF3612C23C5}.Debug|Any CPU.ActiveCfg = Debug|Any CPU
		{178D0CBB-C122-4EBB-8915-9EF3612C23C5}.Debug|Any CPU.Build.0 = Debug|Any CPU
		{178D0CBB-C122-4EBB-8915-9EF3612C23C5}.Release|Any CPU.ActiveCfg = Release|Any CPU
		{178D0CBB-C122-4EBB-8915-9EF3612C23C5}.Release|Any CPU.Build.0 = Release|Any CPU
	EndGlobalSection
	GlobalSection(SolutionProperties) = preSolution
		HideSolutionNode = FALSE
	EndGlobalSection
	GlobalSection(ExtensibilityGlobals) = postSolution
		SolutionGuid = {1B202100-9D36-4A4B-A80D-FD11101823B0}
	EndGlobalSection
EndGlobal
